github.com/golang/protobuf v1.5.3/go.mod h1:XVQd3VNwM+JqD3oG2Ue2ip4fOMUkwXdXDdiuN0vRsmY=

github.com/prometheus/client_golang v1.17.0 h1:rl2sfwZMtSthVU752MqfjQozy7blglC+1SOtjMAMh+w=
github.com/prometheus/client_golang v1.17.0/go.mod h1:VeL3siOj5OWYfm5k6JmvqyRQFkEh9/rR+4hll7aV7vo=

github.com/spf13/viper v1.17.0 h1:GR3O0yj3vLByRJhvj+BjhD9/mYi3MveFzwZ/ZJyHaGo=
github.com/spf13/viper v1.17.0/go.mod h1:BmN7MlzP5ZV/LrVrJ5fFQZL5Cb7oJHm+3VHZqfyfYIw=

go.mongodb.org/mongo-driver v1.12.1 h1:nLkghSU8fQNaK7oUmDhQFsnrtcoNy7Z6LVFKsEecqgE=
go.mongodb.org/mongo-driver v1.12.1/go.mod h1:RHj5VIw7z+oICNUBkC4+wWoqQkTFw3IEIkHR8M0YzNg=

go.uber.org/zap v1.26.0 h1:sI7k6L95XOKS281NhVKOFCUNIvv9e0w4BF8N3u+tCRo=
go.uber.org/zap v1.26.0/go.mod h1:dtElttAiwGvoJ/vj4IwHBS/gXsEu/pZ50mUIRWuG0so=

google.golang.org/grpc v1.59.0 h1:Z5Iec2pjwb+LEOqzpB2MR12/eKFhDPhuqW91O+4bwUk=
google.golang.org/grpc v1.59.0/go.mod h1:aUPDwgwpqYgzLhwzXb0Tr2nzxuEwYB/FhqEJrg3MfRY=

google.golang.org/protobuf v1.31.0 h1:g0LDEJHgrBl9N9r17Ru3sqWhkIx2NB67okBHPwC7hs8=
google.golang.org/protobuf v1.31.0/go.mod h1:HV8QOd/L58Z+nl8r43ehVNZIU/HEI6OcFqwMG9pJV4I=